
Microsoft Visual Studio Solution File, Format Version 12.00
# Visual Studio Version 16
VisualStudioVersion = 16.0.31624.102
MinimumVisualStudioVersion = 10.0.40219.1
Project("{FAE04EC0-301F-11D3-BF4B-00C04F79EFBC}") = "LoginPage_WebAPI_Xamarin_Backend", "LoginPage_WebAPI_Xamarin_Backend.csproj", "{48A34B0E-29E1-4A7A-8BB4-937BC6F4CC98}"
EndProject
Global
	GlobalSection(SolutionConfigurationPlatforms) = preSolution
		Debug|Any CPU = Debug|Any CPU
		Release|Any CPU = Release|Any CPU
	EndGlobalSection
	GlobalSection(ProjectConfigurationPlatforms) = postSolution
		{48A34B0E-29E1-4A7A-8BB4-937BC6F4CC98}.Debug|Any CPU.ActiveCfg = Debug|Any CPU
		{48A34B0E-29E1-4A7A-8BB4-937BC6F4CC98}.Debug|Any CPU.Build.0 = Debug|Any CPU
		{48A34B0E-29E1-4A7A-8BB4-937BC6F4CC98}.Release|Any CPU.ActiveCfg = Release|Any CPU
		{48A34B0E-29E1-4A7A-8BB4-937BC6F4CC98}.Release|Any CPU.Build.0 = Release|Any CPU
	EndGlobalSection
	GlobalSection(SolutionProperties) = preSolution
		HideSolutionNode = FALSE
	EndGlobalSection
	GlobalSection(ExtensibilityGlobals) = postSolution
		SolutionGuid = {B2B2D914-6421-4C00-A768-5CFBC51D23A9}
	EndGlobalSection
EndGlobal
